{
  "originHash" : "0d3efd5d4b5ec3b025680b11f4f5f8c7373e34915f9c89cfcaa53df49ff0fedd",
  "pins" : [
    {
      "identity" : "activityindicatorview",
      "kind" : "remoteSourceControl",
      "location" : "https://github.com/exyte/ActivityIndicatorView",
      "state" : {
        "revision" : "36140867802ae4a1d2b11490bcbbefe058001d14",
        "version" : "1.2.1"
      }
    },
    {
      "identity" : "anchoredpopup",
      "kind" : "remoteSourceControl",
      "location" : "https://github.com/exyte/AnchoredPopup.git",
      "state" : {
        "revision" : "787f27027d3ef38c01469d228ce062ab4d5645f5",
        "version" : "1.0.6"
      }
    },
    {
      "identity" : "chat",
      "kind" : "remoteSourceControl",
      "location" : "git@github.com:exyte/Chat.git",
      "state" : {
        "revision" : "8e31792b5b7eb0ddd157214d32cf5444cf4125c8",
        "version" : "2.6.1"
      }
    },
    {
      "identity" : "giphy-ios-sdk",
      "kind" : "remoteSourceControl",
      "location" : "https://github.com/Giphy/giphy-ios-sdk",
      "state" : {
        "revision" : "cdefbedc9f99d40cc64667a2bfaae67a1cf36fbb",
        "version" : "2.2.12"
      }
    },
    {
      "identity" : "libwebp-xcode",
      "kind" : "remoteSourceControl",
      "location" : "https://github.com/SDWebImage/libwebp-Xcode",
      "state" : {
        "revision" : "0d60654eeefd5d7d2bef3835804892c40225e8b2",
        "version" : "1.5.0"
      }
    },
    {
      "identity" : "mediapicker",
      "kind" : "remoteSourceControl",
      "location" : "https://github.com/exyte/MediaPicker.git",
      "state" : {
        "revision" : "c287ee410e5d9e9d642ed9c715042830f174a1d6",
        "version" : "3.1.4"
      }
    },
    {
      "identity" : "pagertabstripview",
      "kind" : "remoteSourceControl",
      "location" : "git@github.com:xmartlabs/PagerTabStripView.git",
      "state" : {
        "revision" : "39ec00d2577adf75d82d1c7023c56950b96d2298",
        "version" : "4.0.0"
      }
    },
    {
      "identity" : "scalingheaderscrollview",
      "kind" : "remoteSourceControl",
      "location" : "git@github.com:exyte/ScalingHeaderScrollView.git",
      "state" : {
        "revision" : "77274e1936b654322e736b43d63b548cea10eb30",
        "version" : "1.1.3"
      }
    },
    {
      "identity" : "swiftui-introspect",
      "kind" : "remoteSourceControl",
      "location" : "https://github.com/siteline/swiftui-introspect",
      "state" : {
        "revision" : "668a65735751432b640260c56dfa621cec568368",
        "version" : "1.2.0"
      }
    }
  ],
  "version" : 3
}
