// !$*UTF8*$!
{
	archiveVersion = 1;
	classes = {
	};
	objectVersion = 56;
	objects = {

/* Begin PBXBuildFile section */
		4A42BCC62C3E1DB500736E0D /* ListView.swift in Sources */ = {isa = PBXBuildFile; fileRef = 4A42BCC52C3E1DB500736E0D /* ListView.swift */; };
		4A42BCC82C3E1DD000736E0D /* DataModel.swift in Sources */ = {isa = PBXBuildFile; fileRef = 4A42BCC72C3E1DD000736E0D /* DataModel.swift */; };
		4A42BCCA2C3E216E00736E0D /* ListWithScrollView.swift in Sources */ = {isa = PBXBuildFile; fileRef = 4A42BCC92C3E216E00736E0D /* ListWithScrollView.swift */; };
		4A42BCCC2C3E383500736E0D /* ListWithLazyVStack.swift in Sources */ = {isa = PBXBuildFile; fileRef = 4A42BCCB2C3E383500736E0D /* ListWithLazyVStack.swift */; };
		4A9CE73A2C874BE200CA0BBB /* ProfilePhotoPickerView.swift in Sources */ = {isa = PBXBuildFile; fileRef = 4A9CE7392C874BE200CA0BBB /* ProfilePhotoPickerView.swift */; };
		4A9CE73C2C874C3D00CA0BBB /* ProfilePhotoPickerViewModel.swift in Sources */ = {isa = PBXBuildFile; fileRef = 4A9CE73B2C874C3D00CA0BBB /* ProfilePhotoPickerViewModel.swift */; };
		4A9CE73E2C874D4900CA0BBB /* InlinePhotosPickerView.swift in Sources */ = {isa = PBXBuildFile; fileRef = 4A9CE73D2C874D4900CA0BBB /* InlinePhotosPickerView.swift */; };
		4A9CE7402C874D5B00CA0BBB /* InlinePhotosPickerViewModel.swift in Sources */ = {isa = PBXBuildFile; fileRef = 4A9CE73F2C874D5B00CA0BBB /* InlinePhotosPickerViewModel.swift */; };
		4A9CE7422C8810BD00CA0BBB /* InlineMultiPhotosPickerView.swift in Sources */ = {isa = PBXBuildFile; fileRef = 4A9CE7412C8810BD00CA0BBB /* InlineMultiPhotosPickerView.swift */; };
		4A9CE7442C8810CB00CA0BBB /* InlineMultiPhotosPickerViewModel.swift in Sources */ = {isa = PBXBuildFile; fileRef = 4A9CE7432C8810CB00CA0BBB /* InlineMultiPhotosPickerViewModel.swift */; };
		4A9CE7472C897BA300CA0BBB /* DragAndDropView.swift in Sources */ = {isa = PBXBuildFile; fileRef = 4A9CE7462C897BA300CA0BBB /* DragAndDropView.swift */; };
		4AA69B4D2C3504DA0061D48A /* PagerTabStripView in Frameworks */ = {isa = PBXBuildFile; productRef = 4AA69B4C2C3504DA0061D48A /* PagerTabStripView */; };
		4AA69B4F2C3505050061D48A /* PagerTabStripSampleView.swift in Sources */ = {isa = PBXBuildFile; fileRef = 4AA69B4E2C3505050061D48A /* PagerTabStripSampleView.swift */; };
		4AB93CA42C79A30200FB54F6 /* LegacyPhotoPickerView.swift in Sources */ = {isa = PBXBuildFile; fileRef = 4AB93CA32C79A30200FB54F6 /* LegacyPhotoPickerView.swift */; };
		4AB93CA82C81946300FB54F6 /* PhotoLibraryPickerView.swift in Sources */ = {isa = PBXBuildFile; fileRef = 4AB93CA72C81946300FB54F6 /* PhotoLibraryPickerView.swift */; };
		4AB93CAA2C81F4B500FB54F6 /* CameraCaptureView.swift in Sources */ = {isa = PBXBuildFile; fileRef = 4AB93CA92C81F4B500FB54F6 /* CameraCaptureView.swift */; };
		4AC5AB542C3FD5B900F6AF30 /* ScrollPositionTracker.swift in Sources */ = {isa = PBXBuildFile; fileRef = 4AC5AB532C3FD5B900F6AF30 /* ScrollPositionTracker.swift */; };
		4AE30F182C353BC200557030 /* SearchField.swift in Sources */ = {isa = PBXBuildFile; fileRef = 4AE30F172C353BC200557030 /* SearchField.swift */; };
		4AE30F1B2C3546BB00557030 /* ScalingHeaderScrollView in Frameworks */ = {isa = PBXBuildFile; productRef = 4AE30F1A2C3546BB00557030 /* ScalingHeaderScrollView */; };
		4AE30F1E2C36365100557030 /* SimpleStickyHeader.swift in Sources */ = {isa = PBXBuildFile; fileRef = 4AE30F1D2C36365100557030 /* SimpleStickyHeader.swift */; };
		4AE30F202C3681BB00557030 /* ColorScalingHeader.swift in Sources */ = {isa = PBXBuildFile; fileRef = 4AE30F1F2C3681BB00557030 /* ColorScalingHeader.swift */; };
		4AE30F222C36826000557030 /* RequestScalingHeader.swift in Sources */ = {isa = PBXBuildFile; fileRef = 4AE30F212C36826000557030 /* RequestScalingHeader.swift */; };
		4AE30F272C37B6A200557030 /* StickyHeaderTabView.swift in Sources */ = {isa = PBXBuildFile; fileRef = 4AE30F262C37B6A200557030 /* StickyHeaderTabView.swift */; };
		E418D4B42C2FF1A0001313AA /* SwiftUIComponentGalleryApp.swift in Sources */ = {isa = PBXBuildFile; fileRef = E418D4B32C2FF1A0001313AA /* SwiftUIComponentGalleryApp.swift */; };
		E418D4B62C2FF1A0001313AA /* ContentView.swift in Sources */ = {isa = PBXBuildFile; fileRef = E418D4B52C2FF1A0001313AA /* ContentView.swift */; };
		E418D4BA2C2FF1A1001313AA /* Assets.xcassets in Resources */ = {isa = PBXBuildFile; fileRef = E418D4B92C2FF1A1001313AA /* Assets.xcassets */; };
		E418D4BD2C2FF1A1001313AA /* Preview Assets.xcassets in Resources */ = {isa = PBXBuildFile; fileRef = E418D4BC2C2FF1A1001313AA /* Preview Assets.xcassets */; };
		E418D4CC2C3023E7001313AA /* TimeRangePicker.swift in Sources */ = {isa = PBXBuildFile; fileRef = E418D4CB2C3023E7001313AA /* TimeRangePicker.swift */; };
		E418D4D22C34E491001313AA /* Data.swift in Sources */ = {isa = PBXBuildFile; fileRef = E418D4D12C34E491001313AA /* Data.swift */; };
		E418D4D72C34E499001313AA /* BasicLineChart.swift in Sources */ = {isa = PBXBuildFile; fileRef = E418D4D32C34E499001313AA /* BasicLineChart.swift */; };
		E418D4D82C34E499001313AA /* BasicSectorChart.swift in Sources */ = {isa = PBXBuildFile; fileRef = E418D4D42C34E499001313AA /* BasicSectorChart.swift */; };
		E418D4D92C34E499001313AA /* ChartList.swift in Sources */ = {isa = PBXBuildFile; fileRef = E418D4D52C34E499001313AA /* ChartList.swift */; };
		E418D4DA2C34E499001313AA /* BasicBarChart.swift in Sources */ = {isa = PBXBuildFile; fileRef = E418D4D62C34E499001313AA /* BasicBarChart.swift */; };
/* End PBXBuildFile section */

/* Begin PBXFileReference section */
		4A42BCC52C3E1DB500736E0D /* ListView.swift */ = {isa = PBXFileReference; lastKnownFileType = sourcecode.swift; path = ListView.swift; sourceTree = "<group>"; };
		4A42BCC72C3E1DD000736E0D /* DataModel.swift */ = {isa = PBXFileReference; lastKnownFileType = sourcecode.swift; path = DataModel.swift; sourceTree = "<group>"; };
		4A42BCC92C3E216E00736E0D /* ListWithScrollView.swift */ = {isa = PBXFileReference; lastKnownFileType = sourcecode.swift; path = ListWithScrollView.swift; sourceTree = "<group>"; };
		4A42BCCB2C3E383500736E0D /* ListWithLazyVStack.swift */ = {isa = PBXFileReference; lastKnownFileType = sourcecode.swift; path = ListWithLazyVStack.swift; sourceTree = "<group>"; };
		4A9CE7392C874BE200CA0BBB /* ProfilePhotoPickerView.swift */ = {isa = PBXFileReference; lastKnownFileType = sourcecode.swift; path = ProfilePhotoPickerView.swift; sourceTree = "<group>"; };
		4A9CE73B2C874C3D00CA0BBB /* ProfilePhotoPickerViewModel.swift */ = {isa = PBXFileReference; lastKnownFileType = sourcecode.swift; path = ProfilePhotoPickerViewModel.swift; sourceTree = "<group>"; };
		4A9CE73D2C874D4900CA0BBB /* InlinePhotosPickerView.swift */ = {isa = PBXFileReference; lastKnownFileType = sourcecode.swift; path = InlinePhotosPickerView.swift; sourceTree = "<group>"; };
		4A9CE73F2C874D5B00CA0BBB /* InlinePhotosPickerViewModel.swift */ = {isa = PBXFileReference; lastKnownFileType = sourcecode.swift; path = InlinePhotosPickerViewModel.swift; sourceTree = "<group>"; };
		4A9CE7412C8810BD00CA0BBB /* InlineMultiPhotosPickerView.swift */ = {isa = PBXFileReference; lastKnownFileType = sourcecode.swift; path = InlineMultiPhotosPickerView.swift; sourceTree = "<group>"; };
		4A9CE7432C8810CB00CA0BBB /* InlineMultiPhotosPickerViewModel.swift */ = {isa = PBXFileReference; lastKnownFileType = sourcecode.swift; path = InlineMultiPhotosPickerViewModel.swift; sourceTree = "<group>"; };
		4A9CE7462C897BA300CA0BBB /* DragAndDropView.swift */ = {isa = PBXFileReference; lastKnownFileType = sourcecode.swift; path = DragAndDropView.swift; sourceTree = "<group>"; };
		4AA69B4E2C3505050061D48A /* PagerTabStripSampleView.swift */ = {isa = PBXFileReference; lastKnownFileType = sourcecode.swift; path = PagerTabStripSampleView.swift; sourceTree = "<group>"; };
		4AB93CA32C79A30200FB54F6 /* LegacyPhotoPickerView.swift */ = {isa = PBXFileReference; lastKnownFileType = sourcecode.swift; path = LegacyPhotoPickerView.swift; sourceTree = "<group>"; };
		4AB93CA72C81946300FB54F6 /* PhotoLibraryPickerView.swift */ = {isa = PBXFileReference; lastKnownFileType = sourcecode.swift; path = PhotoLibraryPickerView.swift; sourceTree = "<group>"; };
		4AB93CA92C81F4B500FB54F6 /* CameraCaptureView.swift */ = {isa = PBXFileReference; lastKnownFileType = sourcecode.swift; path = CameraCaptureView.swift; sourceTree = "<group>"; };
		4AC5AB532C3FD5B900F6AF30 /* ScrollPositionTracker.swift */ = {isa = PBXFileReference; lastKnownFileType = sourcecode.swift; path = ScrollPositionTracker.swift; sourceTree = "<group>"; };
		4AE30F172C353BC200557030 /* SearchField.swift */ = {isa = PBXFileReference; lastKnownFileType = sourcecode.swift; path = SearchField.swift; sourceTree = "<group>"; };
		4AE30F1D2C36365100557030 /* SimpleStickyHeader.swift */ = {isa = PBXFileReference; lastKnownFileType = sourcecode.swift; path = SimpleStickyHeader.swift; sourceTree = "<group>"; };
		4AE30F1F2C3681BB00557030 /* ColorScalingHeader.swift */ = {isa = PBXFileReference; lastKnownFileType = sourcecode.swift; path = ColorScalingHeader.swift; sourceTree = "<group>"; };
		4AE30F212C36826000557030 /* RequestScalingHeader.swift */ = {isa = PBXFileReference; lastKnownFileType = sourcecode.swift; path = RequestScalingHeader.swift; sourceTree = "<group>"; };
		4AE30F262C37B6A200557030 /* StickyHeaderTabView.swift */ = {isa = PBXFileReference; lastKnownFileType = sourcecode.swift; path = StickyHeaderTabView.swift; sourceTree = "<group>"; };
		E418D4B02C2FF19F001313AA /* SwiftUIComponentGallery.app */ = {isa = PBXFileReference; explicitFileType = wrapper.application; includeInIndex = 0; path = SwiftUIComponentGallery.app; sourceTree = BUILT_PRODUCTS_DIR; };
		E418D4B32C2FF1A0001313AA /* SwiftUIComponentGalleryApp.swift */ = {isa = PBXFileReference; lastKnownFileType = sourcecode.swift; path = SwiftUIComponentGalleryApp.swift; sourceTree = "<group>"; };
		E418D4B52C2FF1A0001313AA /* ContentView.swift */ = {isa = PBXFileReference; lastKnownFileType = sourcecode.swift; path = ContentView.swift; sourceTree = "<group>"; };
		E418D4B92C2FF1A1001313AA /* Assets.xcassets */ = {isa = PBXFileReference; lastKnownFileType = folder.assetcatalog; path = Assets.xcassets; sourceTree = "<group>"; };
		E418D4BC2C2FF1A1001313AA /* Preview Assets.xcassets */ = {isa = PBXFileReference; lastKnownFileType = folder.assetcatalog; path = "Preview Assets.xcassets"; sourceTree = "<group>"; };
		E418D4CB2C3023E7001313AA /* TimeRangePicker.swift */ = {isa = PBXFileReference; lastKnownFileType = sourcecode.swift; path = TimeRangePicker.swift; sourceTree = "<group>"; };
		E418D4D12C34E491001313AA /* Data.swift */ = {isa = PBXFileReference; fileEncoding = 4; lastKnownFileType = sourcecode.swift; name = Data.swift; path = Charts/Data.swift; sourceTree = "<group>"; };
		E418D4D32C34E499001313AA /* BasicLineChart.swift */ = {isa = PBXFileReference; fileEncoding = 4; lastKnownFileType = sourcecode.swift; name = BasicLineChart.swift; path = Charts/BasicLineChart.swift; sourceTree = "<group>"; };
		E418D4D42C34E499001313AA /* BasicSectorChart.swift */ = {isa = PBXFileReference; fileEncoding = 4; lastKnownFileType = sourcecode.swift; name = BasicSectorChart.swift; path = Charts/BasicSectorChart.swift; sourceTree = "<group>"; };
		E418D4D52C34E499001313AA /* ChartList.swift */ = {isa = PBXFileReference; fileEncoding = 4; lastKnownFileType = sourcecode.swift; name = ChartList.swift; path = Charts/ChartList.swift; sourceTree = "<group>"; };
		E418D4D62C34E499001313AA /* BasicBarChart.swift */ = {isa = PBXFileReference; fileEncoding = 4; lastKnownFileType = sourcecode.swift; name = BasicBarChart.swift; path = Charts/BasicBarChart.swift; sourceTree = "<group>"; };
/* End PBXFileReference section */

/* Begin PBXFrameworksBuildPhase section */
		E418D4AD2C2FF19F001313AA /* Frameworks */ = {
			isa = PBXFrameworksBuildPhase;
			buildActionMask = 2147483647;
			files = (
				4AA69B4D2C3504DA0061D48A /* PagerTabStripView in Frameworks */,
				4AE30F1B2C3546BB00557030 /* ScalingHeaderScrollView in Frameworks */,
			);
			runOnlyForDeploymentPostprocessing = 0;
		};
/* End PBXFrameworksBuildPhase section */

/* Begin PBXGroup section */
		4A42BCC42C3E1D9F00736E0D /* List */ = {
			isa = PBXGroup;
			children = (
				4A42BCC52C3E1DB500736E0D /* ListView.swift */,
				4A42BCC92C3E216E00736E0D /* ListWithScrollView.swift */,
				4A42BCCB2C3E383500736E0D /* ListWithLazyVStack.swift */,
			);
			path = List;
			sourceTree = "<group>";
		};
		4A9CE7452C897B7400CA0BBB /* DragAndDrop */ = {
			isa = PBXGroup;
			children = (
				4A9CE7462C897BA300CA0BBB /* DragAndDropView.swift */,
			);
			path = DragAndDrop;
			sourceTree = "<group>";
		};
		4AA69B4A2C34E5B20061D48A /* Tab */ = {
			isa = PBXGroup;
			children = (
				4AA69B4E2C3505050061D48A /* PagerTabStripSampleView.swift */,
				4AE30F262C37B6A200557030 /* StickyHeaderTabView.swift */,
			);
			path = Tab;
			sourceTree = "<group>";
		};
		4AB93CA22C79A2F000FB54F6 /* PhotoPicker */ = {
			isa = PBXGroup;
			children = (
				4AB93CA32C79A30200FB54F6 /* LegacyPhotoPickerView.swift */,
				4AB93CA72C81946300FB54F6 /* PhotoLibraryPickerView.swift */,
				4AB93CA92C81F4B500FB54F6 /* CameraCaptureView.swift */,
				4A9CE7392C874BE200CA0BBB /* ProfilePhotoPickerView.swift */,
				4A9CE73B2C874C3D00CA0BBB /* ProfilePhotoPickerViewModel.swift */,
				4A9CE73D2C874D4900CA0BBB /* InlinePhotosPickerView.swift */,
				4A9CE73F2C874D5B00CA0BBB /* InlinePhotosPickerViewModel.swift */,
				4A9CE7412C8810BD00CA0BBB /* InlineMultiPhotosPickerView.swift */,
				4A9CE7432C8810CB00CA0BBB /* InlineMultiPhotosPickerViewModel.swift */,
			);
			path = PhotoPicker;
			sourceTree = "<group>";
		};
		4AE30F1C2C3635A900557030 /* StickyHeader */ = {
			isa = PBXGroup;
			children = (
				4AE30F1D2C36365100557030 /* SimpleStickyHeader.swift */,
				4AE30F1F2C3681BB00557030 /* ColorScalingHeader.swift */,
				4AE30F212C36826000557030 /* RequestScalingHeader.swift */,
			);
			path = StickyHeader;
			sourceTree = "<group>";
		};
		E418D4A72C2FF19F001313AA = {
			isa = PBXGroup;
			children = (
				E418D4B22C2FF19F001313AA /* SwiftUIComponentGallery */,
				E418D4B12C2FF19F001313AA /* Products */,
			);
			sourceTree = "<group>";
		};
		E418D4B12C2FF19F001313AA /* Products */ = {
			isa = PBXGroup;
			children = (
				E418D4B02C2FF19F001313AA /* SwiftUIComponentGallery.app */,
			);
			name = Products;
			sourceTree = "<group>";
		};
		E418D4B22C2FF19F001313AA /* SwiftUIComponentGallery */ = {
			isa = PBXGroup;
			children = (
				E418D4B92C2FF1A1001313AA /* Assets.xcassets */,
				E418D4C32C2FF2D0001313AA /* Charts */,
				E418D4CA2C3023CF001313AA /* Common */,
				E418D4B52C2FF1A0001313AA /* ContentView.swift */,
				4A42BCC72C3E1DD000736E0D /* DataModel.swift */,
				4A9CE7452C897B7400CA0BBB /* DragAndDrop */,
				4A42BCC42C3E1D9F00736E0D /* List */,
				4AB93CA22C79A2F000FB54F6 /* PhotoPicker */,
				E418D4BB2C2FF1A1001313AA /* Preview Content */,
				4AE30F1C2C3635A900557030 /* StickyHeader */,
				E418D4B32C2FF1A0001313AA /* SwiftUIComponentGalleryApp.swift */,
				4AA69B4A2C34E5B20061D48A /* Tab */,
			);
			path = SwiftUIComponentGallery;
			sourceTree = "<group>";
		};
		E418D4BB2C2FF1A1001313AA /* Preview Content */ = {
			isa = PBXGroup;
			children = (
				E418D4BC2C2FF1A1001313AA /* Preview Assets.xcassets */,
			);
			path = "Preview Content";
			sourceTree = "<group>";
		};
		E418D4C32C2FF2D0001313AA /* Charts */ = {
			isa = PBXGroup;
			children = (
				E418D4D62C34E499001313AA /* BasicBarChart.swift */,
				E418D4D32C34E499001313AA /* BasicLineChart.swift */,
				E418D4D42C34E499001313AA /* BasicSectorChart.swift */,
				E418D4D52C34E499001313AA /* ChartList.swift */,
				E418D4D12C34E491001313AA /* Data.swift */,
			);
			name = Charts;
			sourceTree = "<group>";
		};
		E418D4CA2C3023CF001313AA /* Common */ = {
			isa = PBXGroup;
			children = (
				E418D4CB2C3023E7001313AA /* TimeRangePicker.swift */,
				4AE30F172C353BC200557030 /* SearchField.swift */,
				4AC5AB532C3FD5B900F6AF30 /* ScrollPositionTracker.swift */,
			);
			path = Common;
			sourceTree = "<group>";
		};
/* End PBXGroup section */

/* Begin PBXNativeTarget section */
		E418D4AF2C2FF19F001313AA /* SwiftUIComponentGallery */ = {
			isa = PBXNativeTarget;
			buildConfigurationList = E418D4C02C2FF1A1001313AA /* Build configuration list for PBXNativeTarget "SwiftUIComponentGallery" */;
			buildPhases = (
				E418D4AC2C2FF19F001313AA /* Sources */,
				E418D4AD2C2FF19F001313AA /* Frameworks */,
				E418D4AE2C2FF19F001313AA /* Resources */,
			);
			buildRules = (
			);
			dependencies = (
			);
			name = SwiftUIComponentGallery;
			packageProductDependencies = (
				4AA69B4C2C3504DA0061D48A /* PagerTabStripView */,
				4AE30F1A2C3546BB00557030 /* ScalingHeaderScrollView */,
			);
			productName = SwiftUIComponentGallery;
			productReference = E418D4B02C2FF19F001313AA /* SwiftUIComponentGallery.app */;
			productType = "com.apple.product-type.application";
		};
/* End PBXNativeTarget section */

/* Begin PBXProject section */
		E418D4A82C2FF19F001313AA /* Project object */ = {
			isa = PBXProject;
			attributes = {
				BuildIndependentTargetsInParallel = 1;
				LastSwiftUpdateCheck = 1540;
				LastUpgradeCheck = 1540;
				TargetAttributes = {
					E418D4AF2C2FF19F001313AA = {
						CreatedOnToolsVersion = 15.4;
					};
				};
			};
			buildConfigurationList = E418D4AB2C2FF19F001313AA /* Build configuration list for PBXProject "SwiftUIComponentGallery" */;
			compatibilityVersion = "Xcode 14.0";
			developmentRegion = en;
			hasScannedForEncodings = 0;
			knownRegions = (
				en,
				Base,
			);
			mainGroup = E418D4A72C2FF19F001313AA;
			packageReferences = (
				4AA69B4B2C3504DA0061D48A /* XCRemoteSwiftPackageReference "PagerTabStripView" */,
				4AE30F192C3546BB00557030 /* XCRemoteSwiftPackageReference "ScalingHeaderScrollView" */,
			);
			productRefGroup = E418D4B12C2FF19F001313AA /* Products */;
			projectDirPath = "";
			projectRoot = "";
			targets = (
				E418D4AF2C2FF19F001313AA /* SwiftUIComponentGallery */,
			);
		};
/* End PBXProject section */

/* Begin PBXResourcesBuildPhase section */
		E418D4AE2C2FF19F001313AA /* Resources */ = {
			isa = PBXResourcesBuildPhase;
			buildActionMask = 2147483647;
			files = (
				E418D4BD2C2FF1A1001313AA /* Preview Assets.xcassets in Resources */,
				E418D4BA2C2FF1A1001313AA /* Assets.xcassets in Resources */,
			);
			runOnlyForDeploymentPostprocessing = 0;
		};
/* End PBXResourcesBuildPhase section */

/* Begin PBXSourcesBuildPhase section */
		E418D4AC2C2FF19F001313AA /* Sources */ = {
			isa = PBXSourcesBuildPhase;
			buildActionMask = 2147483647;
			files = (
				E418D4B62C2FF1A0001313AA /* ContentView.swift in Sources */,
				4A42BCCC2C3E383500736E0D /* ListWithLazyVStack.swift in Sources */,
				E418D4D22C34E491001313AA /* Data.swift in Sources */,
				4A9CE73C2C874C3D00CA0BBB /* ProfilePhotoPickerViewModel.swift in Sources */,
				4A9CE7422C8810BD00CA0BBB /* InlineMultiPhotosPickerView.swift in Sources */,
				4AB93CA42C79A30200FB54F6 /* LegacyPhotoPickerView.swift in Sources */,
				4AB93CA82C81946300FB54F6 /* PhotoLibraryPickerView.swift in Sources */,
				4A42BCC62C3E1DB500736E0D /* ListView.swift in Sources */,
				4AC5AB542C3FD5B900F6AF30 /* ScrollPositionTracker.swift in Sources */,
				E418D4D92C34E499001313AA /* ChartList.swift in Sources */,
				4AE30F182C353BC200557030 /* SearchField.swift in Sources */,
				4A9CE7402C874D5B00CA0BBB /* InlinePhotosPickerViewModel.swift in Sources */,
				4A9CE73E2C874D4900CA0BBB /* InlinePhotosPickerView.swift in Sources */,
				4A42BCC82C3E1DD000736E0D /* DataModel.swift in Sources */,
				4AE30F1E2C36365100557030 /* SimpleStickyHeader.swift in Sources */,
				4A42BCCA2C3E216E00736E0D /* ListWithScrollView.swift in Sources */,
				4AE30F272C37B6A200557030 /* StickyHeaderTabView.swift in Sources */,
				4A9CE73A2C874BE200CA0BBB /* ProfilePhotoPickerView.swift in Sources */,
				4AB93CAA2C81F4B500FB54F6 /* CameraCaptureView.swift in Sources */,
				4AA69B4F2C3505050061D48A /* PagerTabStripSampleView.swift in Sources */,
				4A9CE7472C897BA300CA0BBB /* DragAndDropView.swift in Sources */,
				E418D4B42C2FF1A0001313AA /* SwiftUIComponentGalleryApp.swift in Sources */,
				E418D4CC2C3023E7001313AA /* TimeRangePicker.swift in Sources */,
				4AE30F202C3681BB00557030 /* ColorScalingHeader.swift in Sources */,
				4AE30F222C36826000557030 /* RequestScalingHeader.swift in Sources */,
				E418D4D82C34E499001313AA /* BasicSectorChart.swift in Sources */,
				E418D4D72C34E499001313AA /* BasicLineChart.swift in Sources */,
				4A9CE7442C8810CB00CA0BBB /* InlineMultiPhotosPickerViewModel.swift in Sources */,
				E418D4DA2C34E499001313AA /* BasicBarChart.swift in Sources */,
			);
			runOnlyForDeploymentPostprocessing = 0;
		};
/* End PBXSourcesBuildPhase section */

/* Begin XCBuildConfiguration section */
		E418D4BE2C2FF1A1001313AA /* Debug */ = {
			isa = XCBuildConfiguration;
			buildSettings = {
				ALWAYS_SEARCH_USER_PATHS = NO;
				ASSETCATALOG_COMPILER_GENERATE_SWIFT_ASSET_SYMBOL_EXTENSIONS = YES;
				CLANG_ANALYZER_NONNULL = YES;
				CLANG_ANALYZER_NUMBER_OBJECT_CONVERSION = YES_AGGRESSIVE;
				CLANG_CXX_LANGUAGE_STANDARD = "gnu++20";
				CLANG_ENABLE_MODULES = YES;
				CLANG_ENABLE_OBJC_ARC = YES;
				CLANG_ENABLE_OBJC_WEAK = YES;
				CLANG_WARN_BLOCK_CAPTURE_AUTORELEASING = YES;
				CLANG_WARN_BOOL_CONVERSION = YES;
				CLANG_WARN_COMMA = YES;
				CLANG_WARN_CONSTANT_CONVERSION = YES;
				CLANG_WARN_DEPRECATED_OBJC_IMPLEMENTATIONS = YES;
				CLANG_WARN_DIRECT_OBJC_ISA_USAGE = YES_ERROR;
				CLANG_WARN_DOCUMENTATION_COMMENTS = YES;
				CLANG_WARN_EMPTY_BODY = YES;
				CLANG_WARN_ENUM_CONVERSION = YES;
				CLANG_WARN_INFINITE_RECURSION = YES;
				CLANG_WARN_INT_CONVERSION = YES;
				CLANG_WARN_NON_LITERAL_NULL_CONVERSION = YES;
				CLANG_WARN_OBJC_IMPLICIT_RETAIN_SELF = YES;
				CLANG_WARN_OBJC_LITERAL_CONVERSION = YES;
				CLANG_WARN_OBJC_ROOT_CLASS = YES_ERROR;
				CLANG_WARN_QUOTED_INCLUDE_IN_FRAMEWORK_HEADER = YES;
				CLANG_WARN_RANGE_LOOP_ANALYSIS = YES;
				CLANG_WARN_STRICT_PROTOTYPES = YES;
				CLANG_WARN_SUSPICIOUS_MOVE = YES;
				CLANG_WARN_UNGUARDED_AVAILABILITY = YES_AGGRESSIVE;
				CLANG_WARN_UNREACHABLE_CODE = YES;
				CLANG_WARN__DUPLICATE_METHOD_MATCH = YES;
				COPY_PHASE_STRIP = NO;
				DEBUG_INFORMATION_FORMAT = dwarf;
				ENABLE_STRICT_OBJC_MSGSEND = YES;
				ENABLE_TESTABILITY = YES;
				ENABLE_USER_SCRIPT_SANDBOXING = YES;
				GCC_C_LANGUAGE_STANDARD = gnu17;
				GCC_DYNAMIC_NO_PIC = NO;
				GCC_NO_COMMON_BLOCKS = YES;
				GCC_OPTIMIZATION_LEVEL = 0;
				GCC_PREPROCESSOR_DEFINITIONS = (
					"DEBUG=1",
					"$(inherited)",
				);
				GCC_WARN_64_TO_32_BIT_CONVERSION = YES;
				GCC_WARN_ABOUT_RETURN_TYPE = YES_ERROR;
				GCC_WARN_UNDECLARED_SELECTOR = YES;
				GCC_WARN_UNINITIALIZED_AUTOS = YES_AGGRESSIVE;
				GCC_WARN_UNUSED_FUNCTION = YES;
				GCC_WARN_UNUSED_VARIABLE = YES;
				IPHONEOS_DEPLOYMENT_TARGET = 17.0;
				LOCALIZATION_PREFERS_STRING_CATALOGS = YES;
				MTL_ENABLE_DEBUG_INFO = INCLUDE_SOURCE;
				MTL_FAST_MATH = YES;
				ONLY_ACTIVE_ARCH = YES;
				SDKROOT = iphoneos;
				SWIFT_ACTIVE_COMPILATION_CONDITIONS = "DEBUG $(inherited)";
				SWIFT_OPTIMIZATION_LEVEL = "-Onone";
			};
			name = Debug;
		};
		E418D4BF2C2FF1A1001313AA /* Release */ = {
			isa = XCBuildConfiguration;
			buildSettings = {
				ALWAYS_SEARCH_USER_PATHS = NO;
				ASSETCATALOG_COMPILER_GENERATE_SWIFT_ASSET_SYMBOL_EXTENSIONS = YES;
				CLANG_ANALYZER_NONNULL = YES;
				CLANG_ANALYZER_NUMBER_OBJECT_CONVERSION = YES_AGGRESSIVE;
				CLANG_CXX_LANGUAGE_STANDARD = "gnu++20";
				CLANG_ENABLE_MODULES = YES;
				CLANG_ENABLE_OBJC_ARC = YES;
				CLANG_ENABLE_OBJC_WEAK = YES;
				CLANG_WARN_BLOCK_CAPTURE_AUTORELEASING = YES;
				CLANG_WARN_BOOL_CONVERSION = YES;
				CLANG_WARN_COMMA = YES;
				CLANG_WARN_CONSTANT_CONVERSION = YES;
				CLANG_WARN_DEPRECATED_OBJC_IMPLEMENTATIONS = YES;
				CLANG_WARN_DIRECT_OBJC_ISA_USAGE = YES_ERROR;
				CLANG_WARN_DOCUMENTATION_COMMENTS = YES;
				CLANG_WARN_EMPTY_BODY = YES;
				CLANG_WARN_ENUM_CONVERSION = YES;
				CLANG_WARN_INFINITE_RECURSION = YES;
				CLANG_WARN_INT_CONVERSION = YES;
				CLANG_WARN_NON_LITERAL_NULL_CONVERSION = YES;
				CLANG_WARN_OBJC_IMPLICIT_RETAIN_SELF = YES;
				CLANG_WARN_OBJC_LITERAL_CONVERSION = YES;
				CLANG_WARN_OBJC_ROOT_CLASS = YES_ERROR;
				CLANG_WARN_QUOTED_INCLUDE_IN_FRAMEWORK_HEADER = YES;
				CLANG_WARN_RANGE_LOOP_ANALYSIS = YES;
				CLANG_WARN_STRICT_PROTOTYPES = YES;
				CLANG_WARN_SUSPICIOUS_MOVE = YES;
				CLANG_WARN_UNGUARDED_AVAILABILITY = YES_AGGRESSIVE;
				CLANG_WARN_UNREACHABLE_CODE = YES;
				CLANG_WARN__DUPLICATE_METHOD_MATCH = YES;
				COPY_PHASE_STRIP = NO;
				DEBUG_INFORMATION_FORMAT = "dwarf-with-dsym";
				ENABLE_NS_ASSERTIONS = NO;
				ENABLE_STRICT_OBJC_MSGSEND = YES;
				ENABLE_USER_SCRIPT_SANDBOXING = YES;
				GCC_C_LANGUAGE_STANDARD = gnu17;
				GCC_NO_COMMON_BLOCKS = YES;
				GCC_WARN_64_TO_32_BIT_CONVERSION = YES;
				GCC_WARN_ABOUT_RETURN_TYPE = YES_ERROR;
				GCC_WARN_UNDECLARED_SELECTOR = YES;
				GCC_WARN_UNINITIALIZED_AUTOS = YES_AGGRESSIVE;
				GCC_WARN_UNUSED_FUNCTION = YES;
				GCC_WARN_UNUSED_VARIABLE = YES;
				IPHONEOS_DEPLOYMENT_TARGET = 17.0;
				LOCALIZATION_PREFERS_STRING_CATALOGS = YES;
				MTL_ENABLE_DEBUG_INFO = NO;
				MTL_FAST_MATH = YES;
				SDKROOT = iphoneos;
				SWIFT_COMPILATION_MODE = wholemodule;
				VALIDATE_PRODUCT = YES;
			};
			name = Release;
		};
		E418D4C12C2FF1A1001313AA /* Debug */ = {
			isa = XCBuildConfiguration;
			buildSettings = {
				ASSETCATALOG_COMPILER_APPICON_NAME = AppIcon;
				ASSETCATALOG_COMPILER_GLOBAL_ACCENT_COLOR_NAME = AccentColor;
				CODE_SIGN_STYLE = Automatic;
				CURRENT_PROJECT_VERSION = 1;
				DEVELOPMENT_ASSET_PATHS = "\"SwiftUIComponentGallery/Preview Content\"";
				DEVELOPMENT_TEAM = VKV3Y2GW5Q;
				ENABLE_PREVIEWS = YES;
				GENERATE_INFOPLIST_FILE = YES;
				INFOPLIST_KEY_UIApplicationSceneManifest_Generation = YES;
				INFOPLIST_KEY_UIApplicationSupportsIndirectInputEvents = YES;
				INFOPLIST_KEY_UILaunchScreen_Generation = YES;
				INFOPLIST_KEY_UISupportedInterfaceOrientations_iPad = "UIInterfaceOrientationPortrait UIInterfaceOrientationPortraitUpsideDown UIInterfaceOrientationLandscapeLeft UIInterfaceOrientationLandscapeRight";
				INFOPLIST_KEY_UISupportedInterfaceOrientations_iPhone = "UIInterfaceOrientationPortrait UIInterfaceOrientationLandscapeLeft UIInterfaceOrientationLandscapeRight";
				LD_RUNPATH_SEARCH_PATHS = (
					"$(inherited)",
					"@executable_path/Frameworks",
				);
				MARKETING_VERSION = 1.0;
				PRODUCT_BUNDLE_IDENTIFIER = com.yoshitaka.SwiftUIComponentGallery;
				PRODUCT_NAME = "$(TARGET_NAME)";
				SWIFT_EMIT_LOC_STRINGS = YES;
				SWIFT_VERSION = 5.0;
				TARGETED_DEVICE_FAMILY = "1,2";
			};
			name = Debug;
		};
		E418D4C22C2FF1A1001313AA /* Release */ = {
			isa = XCBuildConfiguration;
			buildSettings = {
				ASSETCATALOG_COMPILER_APPICON_NAME = AppIcon;
				ASSETCATALOG_COMPILER_GLOBAL_ACCENT_COLOR_NAME = AccentColor;
				CODE_SIGN_STYLE = Automatic;
				CURRENT_PROJECT_VERSION = 1;
				DEVELOPMENT_ASSET_PATHS = "\"SwiftUIComponentGallery/Preview Content\"";
				DEVELOPMENT_TEAM = VKV3Y2GW5Q;
				ENABLE_PREVIEWS = YES;
				GENERATE_INFOPLIST_FILE = YES;
				INFOPLIST_KEY_UIApplicationSceneManifest_Generation = YES;
				INFOPLIST_KEY_UIApplicationSupportsIndirectInputEvents = YES;
				INFOPLIST_KEY_UILaunchScreen_Generation = YES;
				INFOPLIST_KEY_UISupportedInterfaceOrientations_iPad = "UIInterfaceOrientationPortrait UIInterfaceOrientationPortraitUpsideDown UIInterfaceOrientationLandscapeLeft UIInterfaceOrientationLandscapeRight";
				INFOPLIST_KEY_UISupportedInterfaceOrientations_iPhone = "UIInterfaceOrientationPortrait UIInterfaceOrientationLandscapeLeft UIInterfaceOrientationLandscapeRight";
				LD_RUNPATH_SEARCH_PATHS = (
					"$(inherited)",
					"@executable_path/Frameworks",
				);
				MARKETING_VERSION = 1.0;
				PRODUCT_BUNDLE_IDENTIFIER = com.yoshitaka.SwiftUIComponentGallery;
				PRODUCT_NAME = "$(TARGET_NAME)";
				SWIFT_EMIT_LOC_STRINGS = YES;
				SWIFT_VERSION = 5.0;
				TARGETED_DEVICE_FAMILY = "1,2";
			};
			name = Release;
		};
/* End XCBuildConfiguration section */

/* Begin XCConfigurationList section */
		E418D4AB2C2FF19F001313AA /* Build configuration list for PBXProject "SwiftUIComponentGallery" */ = {
			isa = XCConfigurationList;
			buildConfigurations = (
				E418D4BE2C2FF1A1001313AA /* Debug */,
				E418D4BF2C2FF1A1001313AA /* Release */,
			);
			defaultConfigurationIsVisible = 0;
			defaultConfigurationName = Release;
		};
		E418D4C02C2FF1A1001313AA /* Build configuration list for PBXNativeTarget "SwiftUIComponentGallery" */ = {
			isa = XCConfigurationList;
			buildConfigurations = (
				E418D4C12C2FF1A1001313AA /* Debug */,
				E418D4C22C2FF1A1001313AA /* Release */,
			);
			defaultConfigurationIsVisible = 0;
			defaultConfigurationName = Release;
		};
/* End XCConfigurationList section */

/* Begin XCRemoteSwiftPackageReference section */
		4AA69B4B2C3504DA0061D48A /* XCRemoteSwiftPackageReference "PagerTabStripView" */ = {
			isa = XCRemoteSwiftPackageReference;
			repositoryURL = "git@github.com:xmartlabs/PagerTabStripView.git";
			requirement = {
				kind = upToNextMajorVersion;
				minimumVersion = 4.0.0;
			};
		};
		4AE30F192C3546BB00557030 /* XCRemoteSwiftPackageReference "ScalingHeaderScrollView" */ = {
			isa = XCRemoteSwiftPackageReference;
			repositoryURL = "git@github.com:exyte/ScalingHeaderScrollView.git";
			requirement = {
				kind = upToNextMajorVersion;
				minimumVersion = 1.1.3;
			};
		};
/* End XCRemoteSwiftPackageReference section */

/* Begin XCSwiftPackageProductDependency section */
		4AA69B4C2C3504DA0061D48A /* PagerTabStripView */ = {
			isa = XCSwiftPackageProductDependency;
			package = 4AA69B4B2C3504DA0061D48A /* XCRemoteSwiftPackageReference "PagerTabStripView" */;
			productName = PagerTabStripView;
		};
		4AE30F1A2C3546BB00557030 /* ScalingHeaderScrollView */ = {
			isa = XCSwiftPackageProductDependency;
			package = 4AE30F192C3546BB00557030 /* XCRemoteSwiftPackageReference "ScalingHeaderScrollView" */;
			productName = ScalingHeaderScrollView;
		};
/* End XCSwiftPackageProductDependency section */
	};
	rootObject = E418D4A82C2FF19F001313AA /* Project object */;
}
